
Microsoft Visual Studio Solution File, Format Version 12.00
# Visual Studio Version 17
VisualStudioVersion = 17.9.34616.47
MinimumVisualStudioVersion = 10.0.40219.1
Project("{9A19103F-16F7-4668-BE54-9A1E7A4F7556}") = "AcademyTOP", "AcademyTOP\AcademyTOP.csproj", "{643E3B81-D649-4CC4-81F1-15923940A954}"
EndProject
Project("{FAE04EC0-301F-11D3-BF4B-00C04F79EFBC}") = "AcademyTOP.DataAccessLayer", "AcademyTOP.DataAccessLayer\AcademyTOP.DataAccessLayer.csproj", "{495AD379-9FC1-48DE-9F48-FBEB56E01FE9}"
EndProject
Global
	GlobalSection(SolutionConfigurationPlatforms) = preSolution
		Debug|Any CPU = Debug|Any CPU
		Release|Any CPU = Release|Any CPU
	EndGlobalSection
	GlobalSection(ProjectConfigurationPlatforms) = postSolution
		{643E3B81-D649-4CC4-81F1-15923940A954}.Debug|Any CPU.ActiveCfg = Debug|Any CPU
		{643E3B81-D649-4CC4-81F1-15923940A954}.Debug|Any CPU.Build.0 = Debug|Any CPU
		{643E3B81-D649-4CC4-81F1-15923940A954}.Release|Any CPU.ActiveCfg = Release|Any CPU
		{643E3B81-D649-4CC4-81F1-15923940A954}.Release|Any CPU.Build.0 = Release|Any CPU
		{495AD379-9FC1-48DE-9F48-FBEB56E01FE9}.Debug|Any CPU.ActiveCfg = Debug|Any CPU
		{495AD379-9FC1-48DE-9F48-FBEB56E01FE9}.Debug|Any CPU.Build.0 = Debug|Any CPU
		{495AD379-9FC1-48DE-9F48-FBEB56E01FE9}.Release|Any CPU.ActiveCfg = Release|Any CPU
		{495AD379-9FC1-48DE-9F48-FBEB56E01FE9}.Release|Any CPU.Build.0 = Release|Any CPU
	EndGlobalSection
	GlobalSection(SolutionProperties) = preSolution
		HideSolutionNode = FALSE
	EndGlobalSection
	GlobalSection(ExtensibilityGlobals) = postSolution
		SolutionGuid = {542709F0-3F96-458D-8B46-2C1F8BBDD1B8}
	EndGlobalSection
EndGlobal
